<?xml version="1.0" encoding="UTF-8" standalone="yes" ?>
<CodeBlocks_project_file>
	<FileVersion major="1" minor="6" />
	<Project>
		<Option title="santiago" />
		<Option makefile_is_custom="1" />
		<Option pch_mode="2" />
		<Option compiler="gcc" />
		<Option virtualFolders="addons/;build config/;addons/ofxOsc/libs/oscpack/src/ip/;addons/ofxOsc/libs/oscpack/src/ip/posix/;addons/ofxOsc/libs/oscpack/src/ip/win32/;addons/ofxOsc/libs/oscpack/src/osc/;addons/ofxOsc/src/;" />
		<Build>
			<Target title="Debug">
				<Option output="bin/$(PROJECT_NAME)_debug" prefix_auto="1" extension_auto="1" />
				<Option working_dir="bin" />
				<Option object_output="obj/Debug/" />
				<Option external_deps="/usr/local/of_v0.7.4_linux64_release/libs/openFrameworksCompiled/lib/linux/libopenFrameworksDebug.a;" />
				<Option type="1" />
				<Option compiler="gcc" />
				<Option projectLinkerOptionsRelation="2" />
			</Target>
			<Target title="Release">
				<Option output="bin/$(PROJECT_NAME)" prefix_auto="1" extension_auto="1" />
				<Option working_dir="bin" />
				<Option object_output="obj/Release/" />
				<Option external_deps="/usr/local/of_v0.7.4_linux64_release/libs/openFrameworksCompiled/lib/linux/libopenFrameworks.a;" />
				<Option type="1" />
				<Option compiler="gcc" />
				<Option projectLinkerOptionsRelation="2" />
			</Target>
		</Build>
		<Unit filename="config.make">
			<Option virtualFolder="build config" />
		</Unit>
		<Unit filename="src/controlFloat.cpp" />
		<Unit filename="src/controlFloat.h" />
		<Unit filename="src/main.cpp" />
		<Unit filename="src/neurona.cpp" />
		<Unit filename="src/neurona.h" />
		<Unit filename="src/red_neuronas.cpp" />
		<Unit filename="src/red_neuronas.h" />
		<Unit filename="src/scope.cpp" />
		<Unit filename="src/scope.h" />
		<Unit filename="src/sinapsis.cpp" />
		<Unit filename="src/sinapsis.h" />
		<Unit filename="src/testApp.cpp" />
		<Unit filename="src/testApp.h" />
		<Unit filename="../../../../usr/local/of_v0.7.4_linux64_release/addons/ofxOsc/libs/oscpack/src/ip/IpEndpointName.cpp">
			<Option virtualFolder="addons/ofxOsc/libs/oscpack/src/ip" />
		</Unit>
		<Unit filename="../../../../usr/local/of_v0.7.4_linux64_release/addons/ofxOsc/libs/oscpack/src/ip/IpEndpointName.h">
			<Option virtualFolder="addons/ofxOsc/libs/oscpack/src/ip" />
		</Unit>
		<Unit filename="../../../../usr/local/of_v0.7.4_linux64_release/addons/ofxOsc/libs/oscpack/src/ip/NetworkingUtils.h">
			<Option virtualFolder="addons/ofxOsc/libs/oscpack/src/ip" />
		</Unit>
		<Unit filename="../../../../usr/local/of_v0.7.4_linux64_release/addons/ofxOsc/libs/oscpack/src/ip/PacketListener.h">
			<Option virtualFolder="addons/ofxOsc/libs/oscpack/src/ip" />
		</Unit>
		<Unit filename="../../../../usr/local/of_v0.7.4_linux64_release/addons/ofxOsc/libs/oscpack/src/ip/TimerListener.h">
			<Option virtualFolder="addons/ofxOsc/libs/oscpack/src/ip" />
		</Unit>
		<Unit filename="../../../../usr/local/of_v0.7.4_linux64_release/addons/ofxOsc/libs/oscpack/src/ip/UdpSocket.h">
			<Option virtualFolder="addons/ofxOsc/libs/oscpack/src/ip" />
		</Unit>
		<Unit filename="../../../../usr/local/of_v0.7.4_linux64_release/addons/ofxOsc/libs/oscpack/src/ip/posix/NetworkingUtils.cpp">
			<Option virtualFolder="addons/ofxOsc/libs/oscpack/src/ip/posix" />
		</Unit>
		<Unit filename="../../../../usr/local/of_v0.7.4_linux64_release/addons/ofxOsc/libs/oscpack/src/ip/posix/UdpSocket.cpp">
			<Option virtualFolder="addons/ofxOsc/libs/oscpack/src/ip/posix" />
		</Unit>
		<Unit filename="../../../../usr/local/of_v0.7.4_linux64_release/addons/ofxOsc/libs/oscpack/src/ip/win32/NetworkingUtilsWin.cpp">
			<Option virtualFolder="addons/ofxOsc/libs/oscpack/src/ip/win32" />
		</Unit>
		<Unit filename="../../../../usr/local/of_v0.7.4_linux64_release/addons/ofxOsc/libs/oscpack/src/ip/win32/UdpSocketWin.cpp">
			<Option virtualFolder="addons/ofxOsc/libs/oscpack/src/ip/win32" />
		</Unit>
		<Unit filename="../../../../usr/local/of_v0.7.4_linux64_release/addons/ofxOsc/libs/oscpack/src/osc/MessageMappingOscPacketListener.h">
			<Option virtualFolder="addons/ofxOsc/libs/oscpack/src/osc" />
		</Unit>
		<Unit filename="../../../../usr/local/of_v0.7.4_linux64_release/addons/ofxOsc/libs/oscpack/src/osc/OscException.h">
			<Option virtualFolder="addons/ofxOsc/libs/oscpack/src/osc" />
		</Unit>
		<Unit filename="../../../../usr/local/of_v0.7.4_linux64_release/addons/ofxOsc/libs/oscpack/src/osc/OscHostEndianness.h">
			<Option virtualFolder="addons/ofxOsc/libs/oscpack/src/osc" />
		</Unit>
		<Unit filename="../../../../usr/local/of_v0.7.4_linux64_release/addons/ofxOsc/libs/oscpack/src/osc/OscOutboundPacketStream.cpp">
			<Option virtualFolder="addons/ofxOsc/libs/oscpack/src/osc" />
		</Unit>
		<Unit filename="../../../../usr/local/of_v0.7.4_linux64_release/addons/ofxOsc/libs/oscpack/src/osc/OscOutboundPacketStream.h">
			<Option virtualFolder="addons/ofxOsc/libs/oscpack/src/osc" />
		</Unit>
		<Unit filename="../../../../usr/local/of_v0.7.4_linux64_release/addons/ofxOsc/libs/oscpack/src/osc/OscPacketListener.h">
			<Option virtualFolder="addons/ofxOsc/libs/oscpack/src/osc" />
		</Unit>
		<Unit filename="../../../../usr/local/of_v0.7.4_linux64_release/addons/ofxOsc/libs/oscpack/src/osc/OscPrintReceivedElements.cpp">
			<Option virtualFolder="addons/ofxOsc/libs/oscpack/src/osc" />
		</Unit>
		<Unit filename="../../../../usr/local/of_v0.7.4_linux64_release/addons/ofxOsc/libs/oscpack/src/osc/OscPrintReceivedElements.h">
			<Option virtualFolder="addons/ofxOsc/libs/oscpack/src/osc" />
		</Unit>
		<Unit filename="../../../../usr/local/of_v0.7.4_linux64_release/addons/ofxOsc/libs/oscpack/src/osc/OscReceivedElements.cpp">
			<Option virtualFolder="addons/ofxOsc/libs/oscpack/src/osc" />
		</Unit>
		<Unit filename="../../../../usr/local/of_v0.7.4_linux64_release/addons/ofxOsc/libs/oscpack/src/osc/OscReceivedElements.h">
			<Option virtualFolder="addons/ofxOsc/libs/oscpack/src/osc" />
		</Unit>
		<Unit filename="../../../../usr/local/of_v0.7.4_linux64_release/addons/ofxOsc/libs/oscpack/src/osc/OscTypes.cpp">
			<Option virtualFolder="addons/ofxOsc/libs/oscpack/src/osc" />
		</Unit>
		<Unit filename="../../../../usr/local/of_v0.7.4_linux64_release/addons/ofxOsc/libs/oscpack/src/osc/OscTypes.h">
			<Option virtualFolder="addons/ofxOsc/libs/oscpack/src/osc" />
		</Unit>
		<Unit filename="../../../../usr/local/of_v0.7.4_linux64_release/addons/ofxOsc/src/ofxOsc.h">
			<Option virtualFolder="addons/ofxOsc/src" />
		</Unit>
		<Unit filename="../../../../usr/local/of_v0.7.4_linux64_release/addons/ofxOsc/src/ofxOscArg.h">
			<Option virtualFolder="addons/ofxOsc/src" />
		</Unit>
		<Unit filename="../../../../usr/local/of_v0.7.4_linux64_release/addons/ofxOsc/src/ofxOscBundle.cpp">
			<Option virtualFolder="addons/ofxOsc/src" />
		</Unit>
		<Unit filename="../../../../usr/local/of_v0.7.4_linux64_release/addons/ofxOsc/src/ofxOscBundle.h">
			<Option virtualFolder="addons/ofxOsc/src" />
		</Unit>
		<Unit filename="../../../../usr/local/of_v0.7.4_linux64_release/addons/ofxOsc/src/ofxOscMessage.cpp">
			<Option virtualFolder="addons/ofxOsc/src" />
		</Unit>
		<Unit filename="../../../../usr/local/of_v0.7.4_linux64_release/addons/ofxOsc/src/ofxOscMessage.h">
			<Option virtualFolder="addons/ofxOsc/src" />
		</Unit>
		<Unit filename="../../../../usr/local/of_v0.7.4_linux64_release/addons/ofxOsc/src/ofxOscReceiver.cpp">
			<Option virtualFolder="addons/ofxOsc/src" />
		</Unit>
		<Unit filename="../../../../usr/local/of_v0.7.4_linux64_release/addons/ofxOsc/src/ofxOscReceiver.h">
			<Option virtualFolder="addons/ofxOsc/src" />
		</Unit>
		<Unit filename="../../../../usr/local/of_v0.7.4_linux64_release/addons/ofxOsc/src/ofxOscSender.cpp">
			<Option virtualFolder="addons/ofxOsc/src" />
		</Unit>
		<Unit filename="../../../../usr/local/of_v0.7.4_linux64_release/addons/ofxOsc/src/ofxOscSender.h">
			<Option virtualFolder="addons/ofxOsc/src" />
		</Unit>
		<Extensions>
			<code_completion />
			<envvars />
			<debugger />
		</Extensions>
	</Project>
</CodeBlocks_project_file>
